
Microsoft Visual Studio Solution File, Format Version 12.00
# Visual Studio Version 16
VisualStudioVersion = 16.0.30804.86
MinimumVisualStudioVersion = 10.0.40219.1
Project("{9A19103F-16F7-4668-BE54-9A1E7A4F7556}") = "Frostware.Pipe", "Frostware.Pipe\Frostware.Pipe.csproj", "{20CA5C54-891F-4A47-B191-07F64CD86439}"
EndProject
Global
	GlobalSection(SolutionConfigurationPlatforms) = preSolution
		Debug|Any CPU = Debug|Any CPU
		Release|Any CPU = Release|Any CPU
	EndGlobalSection
	GlobalSection(ProjectConfigurationPlatforms) = postSolution
		{20CA5C54-891F-4A47-B191-07F64CD86439}.Debug|Any CPU.ActiveCfg = Debug|Any CPU
		{20CA5C54-891F-4A47-B191-07F64CD86439}.Debug|Any CPU.Build.0 = Debug|Any CPU
		{20CA5C54-891F-4A47-B191-07F64CD86439}.Release|Any CPU.ActiveCfg = Release|Any CPU
		{20CA5C54-891F-4A47-B191-07F64CD86439}.Release|Any CPU.Build.0 = Release|Any CPU
	EndGlobalSection
	GlobalSection(SolutionProperties) = preSolution
		HideSolutionNode = FALSE
	EndGlobalSection
	GlobalSection(ExtensibilityGlobals) = postSolution
		SolutionGuid = {E731C419-D731-455A-A268-26F461F55B5E}
	EndGlobalSection
EndGlobal
